<?xml version="1.0" encoding="utf-8"?>
<Project ToolsVersion="4.0" xmlns="http://schemas.microsoft.com/developer/msbuild/2003">
  <ItemGroup>
    <ClCompile Include="kiero\minhook\src\buffer.c">
      <Filter>Resource</Filter>
    </ClCompile>
    <ClCompile Include="kiero\minhook\src\hde\hde32.c">
      <Filter>Resource</Filter>
    </ClCompile>
    <ClCompile Include="kiero\minhook\src\hde\hde64.c">
      <Filter>Resource</Filter>
    </ClCompile>
    <ClCompile Include="kiero\minhook\src\hook.c">
      <Filter>Resource</Filter>
    </ClCompile>
    <ClCompile Include="kiero\minhook\src\trampoline.c">
      <Filter>Resource</Filter>
    </ClCompile>
    <ClCompile Include="kiero\Visual.cpp">
      <Filter>Resource</Filter>
    </ClCompile>
    <ClCompile Include="imgui\imgui.cpp">
      <Filter>ImGui</Filter>
    </ClCompile>
    <ClCompile Include="imgui\imgui_demo.cpp">
      <Filter>ImGui</Filter>
    </ClCompile>
    <ClCompile Include="imgui\imgui_draw.cpp">
      <Filter>ImGui</Filter>
    </ClCompile>
    <ClCompile Include="imgui\imgui_impl_dx11.cpp">
      <Filter>ImGui</Filter>
    </ClCompile>
    <ClCompile Include="imgui\imgui_impl_win32.cpp">
      <Filter>ImGui</Filter>
    </ClCompile>
    <ClCompile Include="imgui\imgui_widgets.cpp">
      <Filter>ImGui</Filter>
    </ClCompile>
    <ClCompile Include="main.cpp">
      <Filter>Menu</Filter>
    </ClCompile>
    <ClCompile Include="CustomAPI.cpp">
      <Filter>Resource</Filter>
    </ClCompile>
  </ItemGroup>
  <ItemGroup>
    <ClInclude Include="kiero\minhook\src\buffer.h">
      <Filter>Resource</Filter>
    </ClInclude>
    <ClInclude Include="kiero\minhook\src\hde\hde32.h">
      <Filter>Resource</Filter>
    </ClInclude>
    <ClInclude Include="kiero\minhook\src\hde\hde64.h">
      <Filter>Resource</Filter>
    </ClInclude>
    <ClInclude Include="kiero\minhook\src\trampoline.h">
      <Filter>Resource</Filter>
    </ClInclude>
    <ClInclude Include="kiero\minhook\src\hde\table64.h">
      <Filter>Resource</Filter>
    </ClInclude>
    <ClInclude Include="kiero\minhook\src\hde\table32.h">
      <Filter>Resource</Filter>
    </ClInclude>
    <ClInclude Include="kiero\minhook\src\hde\pstdint.h">
      <Filter>Resource</Filter>
    </ClInclude>
    <ClInclude Include="kiero\minhook\include\MinHook.h">
      <Filter>Resource</Filter>
    </ClInclude>
    <ClInclude Include="kiero\Visual.h">
      <Filter>Resource</Filter>
    </ClInclude>
    <ClInclude Include="imgui\imconfig.h">
      <Filter>ImGui</Filter>
    </ClInclude>
    <ClInclude Include="imgui\imgui.h">
      <Filter>ImGui</Filter>
    </ClInclude>
    <ClInclude Include="imgui\imgui_impl_dx11.h">
      <Filter>ImGui</Filter>
    </ClInclude>
    <ClInclude Include="imgui\imgui_internal.h">
      <Filter>ImGui</Filter>
    </ClInclude>
    <ClInclude Include="imgui\imgui_impl_win32.h">
      <Filter>ImGui</Filter>
    </ClInclude>
    <ClInclude Include="imgui\imstb_rectpack.h">
      <Filter>ImGui</Filter>
    </ClInclude>
    <ClInclude Include="imgui\imstb_textedit.h">
      <Filter>ImGui</Filter>
    </ClInclude>
    <ClInclude Include="imgui\imstb_truetype.h">
      <Filter>ImGui</Filter>
    </ClInclude>
    <ClInclude Include="includes.h">
      <Filter>Resource</Filter>
    </ClInclude>
    <ClInclude Include="Menu.h">
      <Filter>Menu\Main</Filter>
    </ClInclude>
    <ClInclude Include="VisualsBypass.hpp">
      <Filter>Resource</Filter>
    </ClInclude>
    <ClInclude Include="Features.hpp">
      <Filter>Menu\Features</Filter>
    </ClInclude>
    <ClInclude Include="shell.h">
      <Filter>Resource</Filter>
    </ClInclude>
    <ClInclude Include="manager.h">
      <Filter>Resource</Filter>
    </ClInclude>
    <ClInclude Include="offsets.h">
      <Filter>Resource</Filter>
    </ClInclude>
    <ClInclude Include="CustomAPI.h">
      <Filter>Resource</Filter>
    </ClInclude>
  </ItemGroup>
  <ItemGroup>
    <Filter Include="Resource">
      <UniqueIdentifier>{4d4e3a91-59e0-49da-b523-c61307ea252d}</UniqueIdentifier>
    </Filter>
    <Filter Include="ImGui">
      <UniqueIdentifier>{685b377f-6c07-40f1-8587-dab75fc540ee}</UniqueIdentifier>
    </Filter>
    <Filter Include="Menu">
      <UniqueIdentifier>{560a1911-bb43-4a1f-b4ba-cf751b3fa125}</UniqueIdentifier>
    </Filter>
    <Filter Include="Menu\Main">
      <UniqueIdentifier>{2c603c41-fc71-4242-98b7-b3511ba34fe7}</UniqueIdentifier>
    </Filter>
    <Filter Include="Menu\Features">
      <UniqueIdentifier>{cbfece23-e7bd-47b6-9bfb-da8940f7b30a}</UniqueIdentifier>
    </Filter>
  </ItemGroup>
  <ItemGroup>
    <ResourceCompile Include="kiero\minhook\dll_resources\MinHook.rc">
      <Filter>Resource</Filter>
    </ResourceCompile>
  </ItemGroup>
  <ItemGroup>
    <None Include="kiero\minhook\dll_resources\MinHook.def">
      <Filter>Resource</Filter>
    </None>
  </ItemGroup>
</Project>